
Microsoft Visual Studio Solution File, Format Version 12.00
# Visual Studio 2015
Project("{FAE04EC0-301F-11D3-BF4B-00C04F79EFBC}") = "Imaging1213", "Imaging1213.csproj", "{B95B9C5B-B501-9116-20D6-E00CEB4ED88A}"
EndProject
Project("{FAE04EC0-301F-11D3-BF4B-00C04F79EFBC}") = "Imaging1213.Editor", "Imaging1213.Editor.csproj", "{41E78BED-F4FE-81DB-A016-5AD2F22017CB}"
EndProject
Global
	GlobalSection(SolutionConfigurationPlatforms) = preSolution
		Debug|Any CPU = Debug|Any CPU
		Release|Any CPU = Release|Any CPU
	EndGlobalSection
	GlobalSection(ProjectConfigurationPlatforms) = postSolution
		{B95B9C5B-B501-9116-20D6-E00CEB4ED88A}.Debug|Any CPU.ActiveCfg = Debug|Any CPU
		{B95B9C5B-B501-9116-20D6-E00CEB4ED88A}.Debug|Any CPU.Build.0 = Debug|Any CPU
		{B95B9C5B-B501-9116-20D6-E00CEB4ED88A}.Release|Any CPU.ActiveCfg = Release|Any CPU
		{B95B9C5B-B501-9116-20D6-E00CEB4ED88A}.Release|Any CPU.Build.0 = Release|Any CPU
		{41E78BED-F4FE-81DB-A016-5AD2F22017CB}.Debug|Any CPU.ActiveCfg = Debug|Any CPU
		{41E78BED-F4FE-81DB-A016-5AD2F22017CB}.Debug|Any CPU.Build.0 = Debug|Any CPU
		{41E78BED-F4FE-81DB-A016-5AD2F22017CB}.Release|Any CPU.ActiveCfg = Release|Any CPU
		{41E78BED-F4FE-81DB-A016-5AD2F22017CB}.Release|Any CPU.Build.0 = Release|Any CPU
	EndGlobalSection
	GlobalSection(SolutionProperties) = preSolution
		HideSolutionNode = FALSE
	EndGlobalSection
EndGlobal
